// !$*UTF8*$!
{
	archiveVersion = 1;
	classes = {
	};
	objectVersion = 46;
	objects = {

/* Begin PBXBuildFile section */
		65BE4CA71BC2E24A005CE12A /* DataModelProtocol.swift in Sources */ = {isa = PBXBuildFile; fileRef = 65BE4CA61BC2E24A005CE12A /* DataModelProtocol.swift */; settings = {ASSET_TAGS = (); }; };
		65FB07F51BBDE679008CCF30 /* AppDelegate.swift in Sources */ = {isa = PBXBuildFile; fileRef = 65FB07F41BBDE679008CCF30 /* AppDelegate.swift */; };
		65FB07FA1BBDE679008CCF30 /* Main.storyboard in Resources */ = {isa = PBXBuildFile; fileRef = 65FB07F81BBDE679008CCF30 /* Main.storyboard */; };
		65FB07FD1BBDE679008CCF30 /* kleindaniel_hw5.xcdatamodeld in Sources */ = {isa = PBXBuildFile; fileRef = 65FB07FB1BBDE679008CCF30 /* kleindaniel_hw5.xcdatamodeld */; };
		65FB07FF1BBDE67A008CCF30 /* Assets.xcassets in Resources */ = {isa = PBXBuildFile; fileRef = 65FB07FE1BBDE67A008CCF30 /* Assets.xcassets */; };
		65FB08021BBDE67A008CCF30 /* LaunchScreen.storyboard in Resources */ = {isa = PBXBuildFile; fileRef = 65FB08001BBDE67A008CCF30 /* LaunchScreen.storyboard */; };
		65FB08111BBDF351008CCF30 /* VotePopoverViewController.swift in Sources */ = {isa = PBXBuildFile; fileRef = 65FB08091BBDF351008CCF30 /* VotePopoverViewController.swift */; settings = {ASSET_TAGS = (); }; };
		65FB08121BBDF351008CCF30 /* VoteTableViewController.swift in Sources */ = {isa = PBXBuildFile; fileRef = 65FB080A1BBDF351008CCF30 /* VoteTableViewController.swift */; settings = {ASSET_TAGS = (); }; };
		65FB08131BBDF351008CCF30 /* ViewController.swift in Sources */ = {isa = PBXBuildFile; fileRef = 65FB080B1BBDF351008CCF30 /* ViewController.swift */; settings = {ASSET_TAGS = (); }; };
		65FB08141BBDF351008CCF30 /* VoteResultPopoverViewController.swift in Sources */ = {isa = PBXBuildFile; fileRef = 65FB080C1BBDF351008CCF30 /* VoteResultPopoverViewController.swift */; settings = {ASSET_TAGS = (); }; };
		65FB08151BBDF351008CCF30 /* VoteResultTableViewController.swift in Sources */ = {isa = PBXBuildFile; fileRef = 65FB080D1BBDF351008CCF30 /* VoteResultTableViewController.swift */; settings = {ASSET_TAGS = (); }; };
		65FB08161BBDF351008CCF30 /* AddViewController.swift in Sources */ = {isa = PBXBuildFile; fileRef = 65FB080E1BBDF351008CCF30 /* AddViewController.swift */; settings = {ASSET_TAGS = (); }; };
		65FB08171BBDF351008CCF30 /* ShowTableViewController.swift in Sources */ = {isa = PBXBuildFile; fileRef = 65FB080F1BBDF351008CCF30 /* ShowTableViewController.swift */; settings = {ASSET_TAGS = (); }; };
		65FB08181BBDF351008CCF30 /* DetailViewController.swift in Sources */ = {isa = PBXBuildFile; fileRef = 65FB08101BBDF351008CCF30 /* DetailViewController.swift */; settings = {ASSET_TAGS = (); }; };
/* End PBXBuildFile section */

/* Begin PBXFileReference section */
		65BE4CA61BC2E24A005CE12A /* DataModelProtocol.swift */ = {isa = PBXFileReference; fileEncoding = 4; lastKnownFileType = sourcecode.swift; path = DataModelProtocol.swift; sourceTree = "<group>"; };
		65FB07F11BBDE679008CCF30 /* kleindaniel-hw5.app */ = {isa = PBXFileReference; explicitFileType = wrapper.application; includeInIndex = 0; path = "kleindaniel-hw5.app"; sourceTree = BUILT_PRODUCTS_DIR; };
		65FB07F41BBDE679008CCF30 /* AppDelegate.swift */ = {isa = PBXFileReference; lastKnownFileType = sourcecode.swift; path = AppDelegate.swift; sourceTree = "<group>"; };
		65FB07F91BBDE679008CCF30 /* Base */ = {isa = PBXFileReference; lastKnownFileType = file.storyboard; name = Base; path = Base.lproj/Main.storyboard; sourceTree = "<group>"; };
		65FB07FC1BBDE679008CCF30 /* kleindaniel_hw5.xcdatamodel */ = {isa = PBXFileReference; lastKnownFileType = wrapper.xcdatamodel; path = kleindaniel_hw5.xcdatamodel; sourceTree = "<group>"; };
		65FB07FE1BBDE67A008CCF30 /* Assets.xcassets */ = {isa = PBXFileReference; lastKnownFileType = folder.assetcatalog; path = Assets.xcassets; sourceTree = "<group>"; };
		65FB08011BBDE67A008CCF30 /* Base */ = {isa = PBXFileReference; lastKnownFileType = file.storyboard; name = Base; path = Base.lproj/LaunchScreen.storyboard; sourceTree = "<group>"; };
		65FB08031BBDE67A008CCF30 /* Info.plist */ = {isa = PBXFileReference; lastKnownFileType = text.plist.xml; path = Info.plist; sourceTree = "<group>"; };
		65FB08091BBDF351008CCF30 /* VotePopoverViewController.swift */ = {isa = PBXFileReference; fileEncoding = 4; lastKnownFileType = sourcecode.swift; path = VotePopoverViewController.swift; sourceTree = "<group>"; };
		65FB080A1BBDF351008CCF30 /* VoteTableViewController.swift */ = {isa = PBXFileReference; fileEncoding = 4; lastKnownFileType = sourcecode.swift; path = VoteTableViewController.swift; sourceTree = "<group>"; };
		65FB080B1BBDF351008CCF30 /* ViewController.swift */ = {isa = PBXFileReference; fileEncoding = 4; lastKnownFileType = sourcecode.swift; path = ViewController.swift; sourceTree = "<group>"; };
		65FB080C1BBDF351008CCF30 /* VoteResultPopoverViewController.swift */ = {isa = PBXFileReference; fileEncoding = 4; lastKnownFileType = sourcecode.swift; path = VoteResultPopoverViewController.swift; sourceTree = "<group>"; };
		65FB080D1BBDF351008CCF30 /* VoteResultTableViewController.swift */ = {isa = PBXFileReference; fileEncoding = 4; lastKnownFileType = sourcecode.swift; path = VoteResultTableViewController.swift; sourceTree = "<group>"; };
		65FB080E1BBDF351008CCF30 /* AddViewController.swift */ = {isa = PBXFileReference; fileEncoding = 4; lastKnownFileType = sourcecode.swift; path = AddViewController.swift; sourceTree = "<group>"; };
		65FB080F1BBDF351008CCF30 /* ShowTableViewController.swift */ = {isa = PBXFileReference; fileEncoding = 4; lastKnownFileType = sourcecode.swift; path = ShowTableViewController.swift; sourceTree = "<group>"; };
		65FB08101BBDF351008CCF30 /* DetailViewController.swift */ = {isa = PBXFileReference; fileEncoding = 4; lastKnownFileType = sourcecode.swift; path = DetailViewController.swift; sourceTree = "<group>"; };
/* End PBXFileReference section */

/* Begin PBXFrameworksBuildPhase section */
		65FB07EE1BBDE679008CCF30 /* Frameworks */ = {
			isa = PBXFrameworksBuildPhase;
			buildActionMask = 2147483647;
			files = (
			);
			runOnlyForDeploymentPostprocessing = 0;
		};
/* End PBXFrameworksBuildPhase section */

/* Begin PBXGroup section */
		65FB07E81BBDE679008CCF30 = {
			isa = PBXGroup;
			children = (
				65FB07F31BBDE679008CCF30 /* kleindaniel-hw5 */,
				65FB07F21BBDE679008CCF30 /* Products */,
			);
			sourceTree = "<group>";
		};
		65FB07F21BBDE679008CCF30 /* Products */ = {
			isa = PBXGroup;
			children = (
				65FB07F11BBDE679008CCF30 /* kleindaniel-hw5.app */,
			);
			name = Products;
			sourceTree = "<group>";
		};
		65FB07F31BBDE679008CCF30 /* kleindaniel-hw5 */ = {
			isa = PBXGroup;
			children = (
				65FB080E1BBDF351008CCF30 /* AddViewController.swift */,
				65FB07F41BBDE679008CCF30 /* AppDelegate.swift */,
				65BE4CA61BC2E24A005CE12A /* DataModelProtocol.swift */,
				65FB08101BBDF351008CCF30 /* DetailViewController.swift */,
				65FB080F1BBDF351008CCF30 /* ShowTableViewController.swift */,
				65FB080B1BBDF351008CCF30 /* ViewController.swift */,
				65FB08091BBDF351008CCF30 /* VotePopoverViewController.swift */,
				65FB080C1BBDF351008CCF30 /* VoteResultPopoverViewController.swift */,
				65FB080D1BBDF351008CCF30 /* VoteResultTableViewController.swift */,
				65FB080A1BBDF351008CCF30 /* VoteTableViewController.swift */,
				65FB08001BBDE67A008CCF30 /* LaunchScreen.storyboard */,
				65FB07F81BBDE679008CCF30 /* Main.storyboard */,
				65FB07FE1BBDE67A008CCF30 /* Assets.xcassets */,
				65FB08031BBDE67A008CCF30 /* Info.plist */,
				65FB07FB1BBDE679008CCF30 /* kleindaniel_hw5.xcdatamodeld */,
			);
			path = "kleindaniel-hw5";
			sourceTree = "<group>";
		};
/* End PBXGroup section */

/* Begin PBXNativeTarget section */
		65FB07F01BBDE679008CCF30 /* kleindaniel-hw5 */ = {
			isa = PBXNativeTarget;
			buildConfigurationList = 65FB08061BBDE67A008CCF30 /* Build configuration list for PBXNativeTarget "kleindaniel-hw5" */;
			buildPhases = (
				65FB07ED1BBDE679008CCF30 /* Sources */,
				65FB07EE1BBDE679008CCF30 /* Frameworks */,
				65FB07EF1BBDE679008CCF30 /* Resources */,
			);
			buildRules = (
			);
			dependencies = (
			);
			name = "kleindaniel-hw5";
			productName = "kleindaniel-hw5";
			productReference = 65FB07F11BBDE679008CCF30 /* kleindaniel-hw5.app */;
			productType = "com.apple.product-type.application";
		};
/* End PBXNativeTarget section */

/* Begin PBXProject section */
		65FB07E91BBDE679008CCF30 /* Project object */ = {
			isa = PBXProject;
			attributes = {
				LastUpgradeCheck = 0700;
				ORGANIZATIONNAME = "Daniel Klein";
				TargetAttributes = {
					65FB07F01BBDE679008CCF30 = {
						CreatedOnToolsVersion = 7.0.1;
					};
				};
			};
			buildConfigurationList = 65FB07EC1BBDE679008CCF30 /* Build configuration list for PBXProject "kleindaniel-hw5" */;
			compatibilityVersion = "Xcode 3.2";
			developmentRegion = English;
			hasScannedForEncodings = 0;
			knownRegions = (
				en,
				Base,
			);
			mainGroup = 65FB07E81BBDE679008CCF30;
			productRefGroup = 65FB07F21BBDE679008CCF30 /* Products */;
			projectDirPath = "";
			projectRoot = "";
			targets = (
				65FB07F01BBDE679008CCF30 /* kleindaniel-hw5 */,
			);
		};
/* End PBXProject section */

/* Begin PBXResourcesBuildPhase section */
		65FB07EF1BBDE679008CCF30 /* Resources */ = {
			isa = PBXResourcesBuildPhase;
			buildActionMask = 2147483647;
			files = (
				65FB08021BBDE67A008CCF30 /* LaunchScreen.storyboard in Resources */,
				65FB07FF1BBDE67A008CCF30 /* Assets.xcassets in Resources */,
				65FB07FA1BBDE679008CCF30 /* Main.storyboard in Resources */,
			);
			runOnlyForDeploymentPostprocessing = 0;
		};
/* End PBXResourcesBuildPhase section */

/* Begin PBXSourcesBuildPhase section */
		65FB07ED1BBDE679008CCF30 /* Sources */ = {
			isa = PBXSourcesBuildPhase;
			buildActionMask = 2147483647;
			files = (
				65FB08131BBDF351008CCF30 /* ViewController.swift in Sources */,
				65FB08111BBDF351008CCF30 /* VotePopoverViewController.swift in Sources */,
				65FB08161BBDF351008CCF30 /* AddViewController.swift in Sources */,
				65FB08171BBDF351008CCF30 /* ShowTableViewController.swift in Sources */,
				65FB08151BBDF351008CCF30 /* VoteResultTableViewController.swift in Sources */,
				65FB08121BBDF351008CCF30 /* VoteTableViewController.swift in Sources */,
				65FB07F51BBDE679008CCF30 /* AppDelegate.swift in Sources */,
				65FB08181BBDF351008CCF30 /* DetailViewController.swift in Sources */,
				65BE4CA71BC2E24A005CE12A /* DataModelProtocol.swift in Sources */,
				65FB07FD1BBDE679008CCF30 /* kleindaniel_hw5.xcdatamodeld in Sources */,
				65FB08141BBDF351008CCF30 /* VoteResultPopoverViewController.swift in Sources */,
			);
			runOnlyForDeploymentPostprocessing = 0;
		};
/* End PBXSourcesBuildPhase section */

/* Begin PBXVariantGroup section */
		65FB07F81BBDE679008CCF30 /* Main.storyboard */ = {
			isa = PBXVariantGroup;
			children = (
				65FB07F91BBDE679008CCF30 /* Base */,
			);
			name = Main.storyboard;
			sourceTree = "<group>";
		};
		65FB08001BBDE67A008CCF30 /* LaunchScreen.storyboard */ = {
			isa = PBXVariantGroup;
			children = (
				65FB08011BBDE67A008CCF30 /* Base */,
			);
			name = LaunchScreen.storyboard;
			sourceTree = "<group>";
		};
/* End PBXVariantGroup section */

/* Begin XCBuildConfiguration section */
		65FB08041BBDE67A008CCF30 /* Debug */ = {
			isa = XCBuildConfiguration;
			buildSettings = {
				ALWAYS_SEARCH_USER_PATHS = NO;
				CLANG_CXX_LANGUAGE_STANDARD = "gnu++0x";
				CLANG_CXX_LIBRARY = "libc++";
				CLANG_ENABLE_MODULES = YES;
				CLANG_ENABLE_OBJC_ARC = YES;
				CLANG_WARN_BOOL_CONVERSION = YES;
				CLANG_WARN_CONSTANT_CONVERSION = YES;
				CLANG_WARN_DIRECT_OBJC_ISA_USAGE = YES_ERROR;
				CLANG_WARN_EMPTY_BODY = YES;
				CLANG_WARN_ENUM_CONVERSION = YES;
				CLANG_WARN_INT_CONVERSION = YES;
				CLANG_WARN_OBJC_ROOT_CLASS = YES_ERROR;
				CLANG_WARN_UNREACHABLE_CODE = YES;
				CLANG_WARN__DUPLICATE_METHOD_MATCH = YES;
				"CODE_SIGN_IDENTITY[sdk=iphoneos*]" = "iPhone Developer";
				COPY_PHASE_STRIP = NO;
				DEBUG_INFORMATION_FORMAT = dwarf;
				ENABLE_STRICT_OBJC_MSGSEND = YES;
				ENABLE_TESTABILITY = YES;
				GCC_C_LANGUAGE_STANDARD = gnu99;
				GCC_DYNAMIC_NO_PIC = NO;
				GCC_NO_COMMON_BLOCKS = YES;
				GCC_OPTIMIZATION_LEVEL = 0;
				GCC_PREPROCESSOR_DEFINITIONS = (
					"DEBUG=1",
					"$(inherited)",
				);
				GCC_WARN_64_TO_32_BIT_CONVERSION = YES;
				GCC_WARN_ABOUT_RETURN_TYPE = YES_ERROR;
				GCC_WARN_UNDECLARED_SELECTOR = YES;
				GCC_WARN_UNINITIALIZED_AUTOS = YES_AGGRESSIVE;
				GCC_WARN_UNUSED_FUNCTION = YES;
				GCC_WARN_UNUSED_VARIABLE = YES;
				IPHONEOS_DEPLOYMENT_TARGET = 9.0;
				MTL_ENABLE_DEBUG_INFO = YES;
				ONLY_ACTIVE_ARCH = YES;
				SDKROOT = iphoneos;
				SWIFT_OPTIMIZATION_LEVEL = "-Onone";
				TARGETED_DEVICE_FAMILY = "1,2";
			};
			name = Debug;
		};
		65FB08051BBDE67A008CCF30 /* Release */ = {
			isa = XCBuildConfiguration;
			buildSettings = {
				ALWAYS_SEARCH_USER_PATHS = NO;
				CLANG_CXX_LANGUAGE_STANDARD = "gnu++0x";
				CLANG_CXX_LIBRARY = "libc++";
				CLANG_ENABLE_MODULES = YES;
				CLANG_ENABLE_OBJC_ARC = YES;
				CLANG_WARN_BOOL_CONVERSION = YES;
				CLANG_WARN_CONSTANT_CONVERSION = YES;
				CLANG_WARN_DIRECT_OBJC_ISA_USAGE = YES_ERROR;
				CLANG_WARN_EMPTY_BODY = YES;
				CLANG_WARN_ENUM_CONVERSION = YES;
				CLANG_WARN_INT_CONVERSION = YES;
				CLANG_WARN_OBJC_ROOT_CLASS = YES_ERROR;
				CLANG_WARN_UNREACHABLE_CODE = YES;
				CLANG_WARN__DUPLICATE_METHOD_MATCH = YES;
				"CODE_SIGN_IDENTITY[sdk=iphoneos*]" = "iPhone Developer";
				COPY_PHASE_STRIP = NO;
				DEBUG_INFORMATION_FORMAT = "dwarf-with-dsym";
				ENABLE_NS_ASSERTIONS = NO;
				ENABLE_STRICT_OBJC_MSGSEND = YES;
				GCC_C_LANGUAGE_STANDARD = gnu99;
				GCC_NO_COMMON_BLOCKS = YES;
				GCC_WARN_64_TO_32_BIT_CONVERSION = YES;
				GCC_WARN_ABOUT_RETURN_TYPE = YES_ERROR;
				GCC_WARN_UNDECLARED_SELECTOR = YES;
				GCC_WARN_UNINITIALIZED_AUTOS = YES_AGGRESSIVE;
				GCC_WARN_UNUSED_FUNCTION = YES;
				GCC_WARN_UNUSED_VARIABLE = YES;
				IPHONEOS_DEPLOYMENT_TARGET = 9.0;
				MTL_ENABLE_DEBUG_INFO = NO;
				SDKROOT = iphoneos;
				TARGETED_DEVICE_FAMILY = "1,2";
				VALIDATE_PRODUCT = YES;
			};
			name = Release;
		};
		65FB08071BBDE67A008CCF30 /* Debug */ = {
			isa = XCBuildConfiguration;
			buildSettings = {
				ASSETCATALOG_COMPILER_APPICON_NAME = AppIcon;
				INFOPLIST_FILE = "kleindaniel-hw5/Info.plist";
				LD_RUNPATH_SEARCH_PATHS = "$(inherited) @executable_path/Frameworks";
				PRODUCT_BUNDLE_IDENTIFIER = "dklein.kleindaniel-hw5";
				PRODUCT_NAME = "kleindaniel-hw5";
			};
			name = Debug;
		};
		65FB08081BBDE67A008CCF30 /* Release */ = {
			isa = XCBuildConfiguration;
			buildSettings = {
				ASSETCATALOG_COMPILER_APPICON_NAME = AppIcon;
				INFOPLIST_FILE = "kleindaniel-hw5/Info.plist";
				LD_RUNPATH_SEARCH_PATHS = "$(inherited) @executable_path/Frameworks";
				PRODUCT_BUNDLE_IDENTIFIER = "dklein.kleindaniel-hw5";
				PRODUCT_NAME = "kleindaniel-hw5";
			};
			name = Release;
		};
/* End XCBuildConfiguration section */

/* Begin XCConfigurationList section */
		65FB07EC1BBDE679008CCF30 /* Build configuration list for PBXProject "kleindaniel-hw5" */ = {
			isa = XCConfigurationList;
			buildConfigurations = (
				65FB08041BBDE67A008CCF30 /* Debug */,
				65FB08051BBDE67A008CCF30 /* Release */,
			);
			defaultConfigurationIsVisible = 0;
			defaultConfigurationName = Release;
		};
		65FB08061BBDE67A008CCF30 /* Build configuration list for PBXNativeTarget "kleindaniel-hw5" */ = {
			isa = XCConfigurationList;
			buildConfigurations = (
				65FB08071BBDE67A008CCF30 /* Debug */,
				65FB08081BBDE67A008CCF30 /* Release */,
			);
			defaultConfigurationIsVisible = 0;
			defaultConfigurationName = Release;
		};
/* End XCConfigurationList section */

/* Begin XCVersionGroup section */
		65FB07FB1BBDE679008CCF30 /* kleindaniel_hw5.xcdatamodeld */ = {
			isa = XCVersionGroup;
			children = (
				65FB07FC1BBDE679008CCF30 /* kleindaniel_hw5.xcdatamodel */,
			);
			currentVersion = 65FB07FC1BBDE679008CCF30 /* kleindaniel_hw5.xcdatamodel */;
			path = kleindaniel_hw5.xcdatamodeld;
			sourceTree = "<group>";
			versionGroupType = wrapper.xcdatamodel;
		};
/* End XCVersionGroup section */
	};
	rootObject = 65FB07E91BBDE679008CCF30 /* Project object */;
}
